
Microsoft Visual Studio Solution File, Format Version 12.00
# Visual Studio 15
Project("{FAE04EC0-301F-11D3-BF4B-00C04F79EFBC}") = "Assembly-CSharp", "Assembly-CSharp.csproj", "{17B746EF-8AB2-A460-A3E3-50FA5FC442BD}"
EndProject
Project("{FAE04EC0-301F-11D3-BF4B-00C04F79EFBC}") = "Assembly-CSharp-Editor", "Assembly-CSharp-Editor.csproj", "{387285A9-5EAA-FF33-FC3A-4BCCFBEACA27}"
EndProject
Global
	GlobalSection(SolutionConfigurationPlatforms) = preSolution
		Debug|Any CPU = Debug|Any CPU
		Release|Any CPU = Release|Any CPU
	EndGlobalSection
	GlobalSection(ProjectConfigurationPlatforms) = postSolution
		{17B746EF-8AB2-A460-A3E3-50FA5FC442BD}.Debug|Any CPU.ActiveCfg = Debug|Any CPU
		{17B746EF-8AB2-A460-A3E3-50FA5FC442BD}.Debug|Any CPU.Build.0 = Debug|Any CPU
		{17B746EF-8AB2-A460-A3E3-50FA5FC442BD}.Release|Any CPU.ActiveCfg = Release|Any CPU
		{17B746EF-8AB2-A460-A3E3-50FA5FC442BD}.Release|Any CPU.Build.0 = Release|Any CPU
		{387285A9-5EAA-FF33-FC3A-4BCCFBEACA27}.Debug|Any CPU.ActiveCfg = Debug|Any CPU
		{387285A9-5EAA-FF33-FC3A-4BCCFBEACA27}.Debug|Any CPU.Build.0 = Debug|Any CPU
		{387285A9-5EAA-FF33-FC3A-4BCCFBEACA27}.Release|Any CPU.ActiveCfg = Release|Any CPU
		{387285A9-5EAA-FF33-FC3A-4BCCFBEACA27}.Release|Any CPU.Build.0 = Release|Any CPU
	EndGlobalSection
	GlobalSection(SolutionProperties) = preSolution
		HideSolutionNode = FALSE
	EndGlobalSection
EndGlobal
