
Microsoft Visual Studio Solution File, Format Version 12.00
# Visual Studio 15
Project("{FAE04EC0-301F-11D3-BF4B-00C04F79EFBC}") = "Assembly-CSharp", "Assembly-CSharp.csproj", "{01ED84B6-7274-B2C2-731F-40AA916D4422}"
EndProject
Project("{FAE04EC0-301F-11D3-BF4B-00C04F79EFBC}") = "Assembly-CSharp-Editor", "Assembly-CSharp-Editor.csproj", "{540C49A9-7311-8F4A-E20F-6AAB6C3546E8}"
EndProject
Global
	GlobalSection(SolutionConfigurationPlatforms) = preSolution
		Debug|Any CPU = Debug|Any CPU
		Release|Any CPU = Release|Any CPU
	EndGlobalSection
	GlobalSection(ProjectConfigurationPlatforms) = postSolution
		{01ED84B6-7274-B2C2-731F-40AA916D4422}.Debug|Any CPU.ActiveCfg = Debug|Any CPU
		{01ED84B6-7274-B2C2-731F-40AA916D4422}.Debug|Any CPU.Build.0 = Debug|Any CPU
		{01ED84B6-7274-B2C2-731F-40AA916D4422}.Release|Any CPU.ActiveCfg = Release|Any CPU
		{01ED84B6-7274-B2C2-731F-40AA916D4422}.Release|Any CPU.Build.0 = Release|Any CPU
		{540C49A9-7311-8F4A-E20F-6AAB6C3546E8}.Debug|Any CPU.ActiveCfg = Debug|Any CPU
		{540C49A9-7311-8F4A-E20F-6AAB6C3546E8}.Debug|Any CPU.Build.0 = Debug|Any CPU
		{540C49A9-7311-8F4A-E20F-6AAB6C3546E8}.Release|Any CPU.ActiveCfg = Release|Any CPU
		{540C49A9-7311-8F4A-E20F-6AAB6C3546E8}.Release|Any CPU.Build.0 = Release|Any CPU
	EndGlobalSection
	GlobalSection(SolutionProperties) = preSolution
		HideSolutionNode = FALSE
	EndGlobalSection
EndGlobal
